{
  "nodes": {
    "charon": {
      "inputs": {
        "crane": "crane",
        "flake-compat": "flake-compat",
        "flake-utils": "flake-utils",
        "nixpkgs": "nixpkgs",
        "rust-overlay": "rust-overlay"
      },
      "locked": {
        "lastModified": 1760451507,
        "narHash": "sha256-i5XnhV7vohBc1Hv18p0kTGRhUgV+W8DLEWCII0yacgA=",
        "owner": "AeneasVerif",
        "repo": "charon",
        "rev": "150afa5f6ba469c99c4a2fa6e1037ae5a4004c68",
        "type": "github"
      },
      "original": {
        "owner": "AeneasVerif",
        "repo": "charon",
        "type": "github"
      }
    },
    "crane": {
      "locked": {
        "lastModified": 1743700120,
        "narHash": "sha256-8BjG/P0xnuCyVOXlYRwdI1B8nVtyYLf3oDwPSimqREY=",
        "owner": "ipetkov",
        "repo": "crane",
        "rev": "e316f19ee058e6db50075115783be57ac549c389",
        "type": "github"
      },
      "original": {
        "owner": "ipetkov",
        "repo": "crane",
        "type": "github"
      }
    },
    "flake-compat": {
      "locked": {
        "lastModified": 1733328505,
        "narHash": "sha256-NeCCThCEP3eCl2l/+27kNNK7QrwZB1IJCrXfrbv5oqU=",
        "owner": "edolstra",
        "repo": "flake-compat",
        "rev": "ff81ac966bb2cae68946d5ed5fc4994f96d0ffec",
        "type": "github"
      },
      "original": {
        "owner": "edolstra",
        "repo": "flake-compat",
        "type": "github"
      }
    },
    "flake-utils": {
      "inputs": {
        "systems": "systems"
      },
      "locked": {
        "lastModified": 1726560853,
        "narHash": "sha256-X6rJYSESBVr3hBoH0WbKE5KvhPU5bloyZ2L4K60/fPQ=",
        "owner": "numtide",
        "repo": "flake-utils",
        "rev": "c1dfcf08411b08f6b8615f7d8971a2bfa81d5e8a",
        "type": "github"
      },
      "original": {
        "owner": "numtide",
        "repo": "flake-utils",
        "type": "github"
      }
    },
    "flake-utils_2": {
      "inputs": {
        "systems": "systems_2"
      },
      "locked": {
        "lastModified": 1731533236,
        "narHash": "sha256-l0KFg5HjrsfsO/JpG+r7fRrqm12kzFHyUHqHCVpMMbI=",
        "owner": "numtide",
        "repo": "flake-utils",
        "rev": "11707dc2f618dd54ca8739b309ec4fc024de578b",
        "type": "github"
      },
      "original": {
        "id": "flake-utils",
        "type": "indirect"
      }
    },
    "fstar": {
      "inputs": {
        "flake-utils": "flake-utils_2",
        "nixpkgs": "nixpkgs_2"
      },
      "locked": {
        "lastModified": 1760479652,
        "narHash": "sha256-ML1vqrTVktUEA3JM5tAZmOcepNNrUteANz/ppuq760I=",
        "owner": "fstarlang",
        "repo": "fstar",
        "rev": "91688a4e314b035c982aad4db7cf90422c86620a",
        "type": "github"
      },
      "original": {
        "owner": "fstarlang",
        "repo": "fstar",
        "type": "github"
      }
    },
    "karamel": {
      "inputs": {
        "flake-utils": [
          "karamel",
          "fstar",
          "flake-utils"
        ],
        "fstar": "fstar",
        "nixpkgs": [
          "nixpkgs"
        ]
      },
      "locked": {
        "lastModified": 1759855638,
        "narHash": "sha256-+ik3D77Qs4N1ZjyDMmcyZDbG+68uWWlg8Xo7/RlyxvM=",
        "owner": "FStarLang",
        "repo": "karamel",
        "rev": "254e099bd586b17461845f6b0cab44c3ef5080e9",
        "type": "github"
      },
      "original": {
        "owner": "FStarLang",
        "repo": "karamel",
        "type": "github"
      }
    },
    "libcrux": {
      "flake": false,
      "locked": {
        "lastModified": 1760596464,
        "narHash": "sha256-nCUpxkV5ilnuCUfJS2nlQ8fZZvxh07jDVIawz4nyIFw=",
        "owner": "cryspen",
        "repo": "libcrux",
        "rev": "74ae08976fdb9c1f17718d96ae4983a9c838146f",
        "type": "github"
      },
      "original": {
        "owner": "cryspen",
        "repo": "libcrux",
        "type": "github"
      }
    },
    "nixpkgs": {
      "locked": {
        "lastModified": 1743588408,
        "narHash": "sha256-WRZyK13yucGjwNBMOGjU8ljRJ8FYFv8MBru/bXqZUn0=",
        "owner": "NixOS",
        "repo": "nixpkgs",
        "rev": "88efe689298b1863db0310c0a22b3ebb4d04fbc3",
        "type": "github"
      },
      "original": {
        "id": "nixpkgs",
        "ref": "nixos-unstable",
        "type": "indirect"
      }
    },
    "nixpkgs_2": {
      "locked": {
        "lastModified": 1759381078,
        "narHash": "sha256-gTrEEp5gEspIcCOx9PD8kMaF1iEmfBcTbO0Jag2QhQs=",
        "owner": "NixOS",
        "repo": "nixpkgs",
        "rev": "7df7ff7d8e00218376575f0acdcc5d66741351ee",
        "type": "github"
      },
      "original": {
        "id": "nixpkgs",
        "ref": "nixos-unstable",
        "type": "indirect"
      }
    },
    "root": {
      "inputs": {
        "charon": "charon",
        "flake-utils": [
          "karamel",
          "flake-utils"
        ],
        "karamel": "karamel",
        "libcrux": "libcrux",
        "nixpkgs": [
          "charon",
          "nixpkgs"
        ]
      }
    },
    "rust-overlay": {
      "inputs": {
        "nixpkgs": [
          "charon",
          "nixpkgs"
        ]
      },
      "locked": {
        "lastModified": 1753066249,
        "narHash": "sha256-j2UBrfDRIePGx3532Bbb9UeosNX2F73hfOAHtmACfnM=",
        "owner": "oxalica",
        "repo": "rust-overlay",
        "rev": "0751b65633a1785743ca44fd7c14a633c54c1f91",
        "type": "github"
      },
      "original": {
        "owner": "oxalica",
        "repo": "rust-overlay",
        "rev": "0751b65633a1785743ca44fd7c14a633c54c1f91",
        "type": "github"
      }
    },
    "systems": {
      "locked": {
        "lastModified": 1681028828,
        "narHash": "sha256-Vy1rq5AaRuLzOxct8nz4T6wlgyUR7zLU309k9mBC768=",
        "owner": "nix-systems",
        "repo": "default",
        "rev": "da67096a3b9bf56a91d16901293e51ba5b49a27e",
        "type": "github"
      },
      "original": {
        "owner": "nix-systems",
        "repo": "default",
        "type": "github"
      }
    },
    "systems_2": {
      "locked": {
        "lastModified": 1681028828,
        "narHash": "sha256-Vy1rq5AaRuLzOxct8nz4T6wlgyUR7zLU309k9mBC768=",
        "owner": "nix-systems",
        "repo": "default",
        "rev": "da67096a3b9bf56a91d16901293e51ba5b49a27e",
        "type": "github"
      },
      "original": {
        "owner": "nix-systems",
        "repo": "default",
        "type": "github"
      }
    }
  },
  "root": "root",
  "version": 7
}
